
Microsoft Visual Studio Solution File, Format Version 12.00
# Visual Studio Version 17
VisualStudioVersion = 17.2.32616.157
MinimumVisualStudioVersion = 10.0.40219.1
Project("{FAE04EC0-301F-11D3-BF4B-00C04F79EFBC}") = "Linkdin_Usjobs", "Linkdin_Usjobs.csproj", "{78E2CE27-C080-4238-9A65-3AA7AF9184CE}"
EndProject
Global
	GlobalSection(SolutionConfigurationPlatforms) = preSolution
		Debug|Any CPU = Debug|Any CPU
		Release|Any CPU = Release|Any CPU
	EndGlobalSection
	GlobalSection(ProjectConfigurationPlatforms) = postSolution
		{78E2CE27-C080-4238-9A65-3AA7AF9184CE}.Debug|Any CPU.ActiveCfg = Debug|Any CPU
		{78E2CE27-C080-4238-9A65-3AA7AF9184CE}.Debug|Any CPU.Build.0 = Debug|Any CPU
		{78E2CE27-C080-4238-9A65-3AA7AF9184CE}.Release|Any CPU.ActiveCfg = Release|Any CPU
		{78E2CE27-C080-4238-9A65-3AA7AF9184CE}.Release|Any CPU.Build.0 = Release|Any CPU
	EndGlobalSection
	GlobalSection(SolutionProperties) = preSolution
		HideSolutionNode = FALSE
	EndGlobalSection
	GlobalSection(ExtensibilityGlobals) = postSolution
		SolutionGuid = {68D27707-A668-472D-9304-03CDAE75109C}
	EndGlobalSection
EndGlobal
